// !$*UTF8*$!
{
	archiveVersion = 1;
	classes = {
	};
	objectVersion = 56;
	objects = {

/* Begin PBXBuildFile section */
		8A89459F29F3DBEA00939078 /* AppDelegate.swift in Sources */ = {isa = PBXBuildFile; fileRef = 8A89459E29F3DBEA00939078 /* AppDelegate.swift */; };
		8A8945A129F3DBEA00939078 /* SceneDelegate.swift in Sources */ = {isa = PBXBuildFile; fileRef = 8A8945A029F3DBEA00939078 /* SceneDelegate.swift */; };
		8A8945A329F3DBEA00939078 /* ViewController.swift in Sources */ = {isa = PBXBuildFile; fileRef = 8A8945A229F3DBEA00939078 /* ViewController.swift */; };
		8A8945A629F3DBEA00939078 /* Main.storyboard in Resources */ = {isa = PBXBuildFile; fileRef = 8A8945A429F3DBEA00939078 /* Main.storyboard */; };
		8A8945A829F3DBEC00939078 /* Assets.xcassets in Resources */ = {isa = PBXBuildFile; fileRef = 8A8945A729F3DBEC00939078 /* Assets.xcassets */; };
		8A8945AB29F3DBEC00939078 /* LaunchScreen.storyboard in Resources */ = {isa = PBXBuildFile; fileRef = 8A8945A929F3DBEC00939078 /* LaunchScreen.storyboard */; };
		8A8945B629F3DBEC00939078 /* DemoTscTests.swift in Sources */ = {isa = PBXBuildFile; fileRef = 8A8945B529F3DBEC00939078 /* DemoTscTests.swift */; };
		8A8945C029F3DBEC00939078 /* DemoTscUITests.swift in Sources */ = {isa = PBXBuildFile; fileRef = 8A8945BF29F3DBEC00939078 /* DemoTscUITests.swift */; };
		8A8945C229F3DBEC00939078 /* DemoTscUITestsLaunchTests.swift in Sources */ = {isa = PBXBuildFile; fileRef = 8A8945C129F3DBEC00939078 /* DemoTscUITestsLaunchTests.swift */; };
		8A8945D329F4119700939078 /* ElevatedCard.swift in Sources */ = {isa = PBXBuildFile; fileRef = 8A8945D229F4119700939078 /* ElevatedCard.swift */; };
		8A8945D529F41DAC00939078 /* CellVeiw.swift in Sources */ = {isa = PBXBuildFile; fileRef = 8A8945D429F41DAB00939078 /* CellVeiw.swift */; };
		8A8945D729F41DDE00939078 /* UIView+Constraints.swift in Sources */ = {isa = PBXBuildFile; fileRef = 8A8945D629F41DDE00939078 /* UIView+Constraints.swift */; };
		8A8945D929F4246E00939078 /* CardWithList.swift in Sources */ = {isa = PBXBuildFile; fileRef = 8A8945D829F4246E00939078 /* CardWithList.swift */; };
		8A8945DB29F424AB00939078 /* Button.swift in Sources */ = {isa = PBXBuildFile; fileRef = 8A8945DA29F424AB00939078 /* Button.swift */; };
		8A8945DD29F424D500939078 /* Avatar.swift in Sources */ = {isa = PBXBuildFile; fileRef = 8A8945DC29F424D500939078 /* Avatar.swift */; };
		8A8945DF29F4251800939078 /* SubheaderText.swift in Sources */ = {isa = PBXBuildFile; fileRef = 8A8945DE29F4251800939078 /* SubheaderText.swift */; };
		8A8945E129F4253900939078 /* HeaderText.swift in Sources */ = {isa = PBXBuildFile; fileRef = 8A8945E029F4253900939078 /* HeaderText.swift */; };
		8A8945E329F4258000939078 /* CardLarge.swift in Sources */ = {isa = PBXBuildFile; fileRef = 8A8945E229F4258000939078 /* CardLarge.swift */; };
/* End PBXBuildFile section */

/* Begin PBXContainerItemProxy section */
		8A8945B229F3DBEC00939078 /* PBXContainerItemProxy */ = {
			isa = PBXContainerItemProxy;
			containerPortal = 8A89459329F3DBEA00939078 /* Project object */;
			proxyType = 1;
			remoteGlobalIDString = 8A89459A29F3DBEA00939078;
			remoteInfo = DemoTsc;
		};
		8A8945BC29F3DBEC00939078 /* PBXContainerItemProxy */ = {
			isa = PBXContainerItemProxy;
			containerPortal = 8A89459329F3DBEA00939078 /* Project object */;
			proxyType = 1;
			remoteGlobalIDString = 8A89459A29F3DBEA00939078;
			remoteInfo = DemoTsc;
		};
/* End PBXContainerItemProxy section */

/* Begin PBXFileReference section */
		8A89459B29F3DBEA00939078 /* DemoTsc.app */ = {isa = PBXFileReference; explicitFileType = wrapper.application; includeInIndex = 0; path = DemoTsc.app; sourceTree = BUILT_PRODUCTS_DIR; };
		8A89459E29F3DBEA00939078 /* AppDelegate.swift */ = {isa = PBXFileReference; lastKnownFileType = sourcecode.swift; path = AppDelegate.swift; sourceTree = "<group>"; };
		8A8945A029F3DBEA00939078 /* SceneDelegate.swift */ = {isa = PBXFileReference; lastKnownFileType = sourcecode.swift; path = SceneDelegate.swift; sourceTree = "<group>"; };
		8A8945A229F3DBEA00939078 /* ViewController.swift */ = {isa = PBXFileReference; lastKnownFileType = sourcecode.swift; path = ViewController.swift; sourceTree = "<group>"; };
		8A8945A529F3DBEA00939078 /* Base */ = {isa = PBXFileReference; lastKnownFileType = file.storyboard; name = Base; path = Base.lproj/Main.storyboard; sourceTree = "<group>"; };
		8A8945A729F3DBEC00939078 /* Assets.xcassets */ = {isa = PBXFileReference; lastKnownFileType = folder.assetcatalog; path = Assets.xcassets; sourceTree = "<group>"; };
		8A8945AA29F3DBEC00939078 /* Base */ = {isa = PBXFileReference; lastKnownFileType = file.storyboard; name = Base; path = Base.lproj/LaunchScreen.storyboard; sourceTree = "<group>"; };
		8A8945AC29F3DBEC00939078 /* Info.plist */ = {isa = PBXFileReference; lastKnownFileType = text.plist.xml; path = Info.plist; sourceTree = "<group>"; };
		8A8945B129F3DBEC00939078 /* DemoTscTests.xctest */ = {isa = PBXFileReference; explicitFileType = wrapper.cfbundle; includeInIndex = 0; path = DemoTscTests.xctest; sourceTree = BUILT_PRODUCTS_DIR; };
		8A8945B529F3DBEC00939078 /* DemoTscTests.swift */ = {isa = PBXFileReference; lastKnownFileType = sourcecode.swift; path = DemoTscTests.swift; sourceTree = "<group>"; };
		8A8945BB29F3DBEC00939078 /* DemoTscUITests.xctest */ = {isa = PBXFileReference; explicitFileType = wrapper.cfbundle; includeInIndex = 0; path = DemoTscUITests.xctest; sourceTree = BUILT_PRODUCTS_DIR; };
		8A8945BF29F3DBEC00939078 /* DemoTscUITests.swift */ = {isa = PBXFileReference; lastKnownFileType = sourcecode.swift; path = DemoTscUITests.swift; sourceTree = "<group>"; };
		8A8945C129F3DBEC00939078 /* DemoTscUITestsLaunchTests.swift */ = {isa = PBXFileReference; lastKnownFileType = sourcecode.swift; path = DemoTscUITestsLaunchTests.swift; sourceTree = "<group>"; };
		8A8945D229F4119700939078 /* ElevatedCard.swift */ = {isa = PBXFileReference; lastKnownFileType = sourcecode.swift; path = ElevatedCard.swift; sourceTree = "<group>"; };
		8A8945D429F41DAB00939078 /* CellVeiw.swift */ = {isa = PBXFileReference; lastKnownFileType = sourcecode.swift; path = CellVeiw.swift; sourceTree = "<group>"; };
		8A8945D629F41DDE00939078 /* UIView+Constraints.swift */ = {isa = PBXFileReference; lastKnownFileType = sourcecode.swift; path = "UIView+Constraints.swift"; sourceTree = "<group>"; };
		8A8945D829F4246E00939078 /* CardWithList.swift */ = {isa = PBXFileReference; lastKnownFileType = sourcecode.swift; path = CardWithList.swift; sourceTree = "<group>"; };
		8A8945DA29F424AB00939078 /* Button.swift */ = {isa = PBXFileReference; lastKnownFileType = sourcecode.swift; path = Button.swift; sourceTree = "<group>"; };
		8A8945DC29F424D500939078 /* Avatar.swift */ = {isa = PBXFileReference; lastKnownFileType = sourcecode.swift; path = Avatar.swift; sourceTree = "<group>"; };
		8A8945DE29F4251800939078 /* SubheaderText.swift */ = {isa = PBXFileReference; lastKnownFileType = sourcecode.swift; path = SubheaderText.swift; sourceTree = "<group>"; };
		8A8945E029F4253900939078 /* HeaderText.swift */ = {isa = PBXFileReference; lastKnownFileType = sourcecode.swift; path = HeaderText.swift; sourceTree = "<group>"; };
		8A8945E229F4258000939078 /* CardLarge.swift */ = {isa = PBXFileReference; lastKnownFileType = sourcecode.swift; path = CardLarge.swift; sourceTree = "<group>"; };
/* End PBXFileReference section */

/* Begin PBXFrameworksBuildPhase section */
		8A89459829F3DBEA00939078 /* Frameworks */ = {
			isa = PBXFrameworksBuildPhase;
			buildActionMask = 2147483647;
			files = (
			);
			runOnlyForDeploymentPostprocessing = 0;
		};
		8A8945AE29F3DBEC00939078 /* Frameworks */ = {
			isa = PBXFrameworksBuildPhase;
			buildActionMask = 2147483647;
			files = (
			);
			runOnlyForDeploymentPostprocessing = 0;
		};
		8A8945B829F3DBEC00939078 /* Frameworks */ = {
			isa = PBXFrameworksBuildPhase;
			buildActionMask = 2147483647;
			files = (
			);
			runOnlyForDeploymentPostprocessing = 0;
		};
/* End PBXFrameworksBuildPhase section */

/* Begin PBXGroup section */
		8A89459229F3DBEA00939078 = {
			isa = PBXGroup;
			children = (
				8A89459D29F3DBEA00939078 /* DemoTsc */,
				8A8945B429F3DBEC00939078 /* DemoTscTests */,
				8A8945BE29F3DBEC00939078 /* DemoTscUITests */,
				8A89459C29F3DBEA00939078 /* Products */,
			);
			sourceTree = "<group>";
		};
		8A89459C29F3DBEA00939078 /* Products */ = {
			isa = PBXGroup;
			children = (
				8A89459B29F3DBEA00939078 /* DemoTsc.app */,
				8A8945B129F3DBEC00939078 /* DemoTscTests.xctest */,
				8A8945BB29F3DBEC00939078 /* DemoTscUITests.xctest */,
			);
			name = Products;
			sourceTree = "<group>";
		};
		8A89459D29F3DBEA00939078 /* DemoTsc */ = {
			isa = PBXGroup;
			children = (
				8A8945D129F4117A00939078 /* TinkoffSolutionCup */,
				8A89459E29F3DBEA00939078 /* AppDelegate.swift */,
				8A8945A029F3DBEA00939078 /* SceneDelegate.swift */,
				8A8945A229F3DBEA00939078 /* ViewController.swift */,
				8A8945A429F3DBEA00939078 /* Main.storyboard */,
				8A8945A729F3DBEC00939078 /* Assets.xcassets */,
				8A8945A929F3DBEC00939078 /* LaunchScreen.storyboard */,
				8A8945AC29F3DBEC00939078 /* Info.plist */,
			);
			path = DemoTsc;
			sourceTree = "<group>";
		};
		8A8945B429F3DBEC00939078 /* DemoTscTests */ = {
			isa = PBXGroup;
			children = (
				8A8945B529F3DBEC00939078 /* DemoTscTests.swift */,
			);
			path = DemoTscTests;
			sourceTree = "<group>";
		};
		8A8945BE29F3DBEC00939078 /* DemoTscUITests */ = {
			isa = PBXGroup;
			children = (
				8A8945BF29F3DBEC00939078 /* DemoTscUITests.swift */,
				8A8945C129F3DBEC00939078 /* DemoTscUITestsLaunchTests.swift */,
			);
			path = DemoTscUITests;
			sourceTree = "<group>";
		};
		8A8945D129F4117A00939078 /* TinkoffSolutionCup */ = {
			isa = PBXGroup;
			children = (
				8A8945D229F4119700939078 /* ElevatedCard.swift */,
				8A8945D429F41DAB00939078 /* CellVeiw.swift */,
				8A8945D629F41DDE00939078 /* UIView+Constraints.swift */,
				8A8945D829F4246E00939078 /* CardWithList.swift */,
				8A8945DA29F424AB00939078 /* Button.swift */,
				8A8945DC29F424D500939078 /* Avatar.swift */,
				8A8945DE29F4251800939078 /* SubheaderText.swift */,
				8A8945E029F4253900939078 /* HeaderText.swift */,
				8A8945E229F4258000939078 /* CardLarge.swift */,
			);
			path = TinkoffSolutionCup;
			sourceTree = "<group>";
		};
/* End PBXGroup section */

/* Begin PBXNativeTarget section */
		8A89459A29F3DBEA00939078 /* DemoTsc */ = {
			isa = PBXNativeTarget;
			buildConfigurationList = 8A8945C529F3DBEC00939078 /* Build configuration list for PBXNativeTarget "DemoTsc" */;
			buildPhases = (
				8A89459729F3DBEA00939078 /* Sources */,
				8A89459829F3DBEA00939078 /* Frameworks */,
				8A89459929F3DBEA00939078 /* Resources */,
			);
			buildRules = (
			);
			dependencies = (
			);
			name = DemoTsc;
			productName = DemoTsc;
			productReference = 8A89459B29F3DBEA00939078 /* DemoTsc.app */;
			productType = "com.apple.product-type.application";
		};
		8A8945B029F3DBEC00939078 /* DemoTscTests */ = {
			isa = PBXNativeTarget;
			buildConfigurationList = 8A8945C829F3DBEC00939078 /* Build configuration list for PBXNativeTarget "DemoTscTests" */;
			buildPhases = (
				8A8945AD29F3DBEC00939078 /* Sources */,
				8A8945AE29F3DBEC00939078 /* Frameworks */,
				8A8945AF29F3DBEC00939078 /* Resources */,
			);
			buildRules = (
			);
			dependencies = (
				8A8945B329F3DBEC00939078 /* PBXTargetDependency */,
			);
			name = DemoTscTests;
			productName = DemoTscTests;
			productReference = 8A8945B129F3DBEC00939078 /* DemoTscTests.xctest */;
			productType = "com.apple.product-type.bundle.unit-test";
		};
		8A8945BA29F3DBEC00939078 /* DemoTscUITests */ = {
			isa = PBXNativeTarget;
			buildConfigurationList = 8A8945CB29F3DBEC00939078 /* Build configuration list for PBXNativeTarget "DemoTscUITests" */;
			buildPhases = (
				8A8945B729F3DBEC00939078 /* Sources */,
				8A8945B829F3DBEC00939078 /* Frameworks */,
				8A8945B929F3DBEC00939078 /* Resources */,
			);
			buildRules = (
			);
			dependencies = (
				8A8945BD29F3DBEC00939078 /* PBXTargetDependency */,
			);
			name = DemoTscUITests;
			productName = DemoTscUITests;
			productReference = 8A8945BB29F3DBEC00939078 /* DemoTscUITests.xctest */;
			productType = "com.apple.product-type.bundle.ui-testing";
		};
/* End PBXNativeTarget section */

/* Begin PBXProject section */
		8A89459329F3DBEA00939078 /* Project object */ = {
			isa = PBXProject;
			attributes = {
				BuildIndependentTargetsInParallel = 1;
				LastSwiftUpdateCheck = 1410;
				LastUpgradeCheck = 1410;
				TargetAttributes = {
					8A89459A29F3DBEA00939078 = {
						CreatedOnToolsVersion = 14.1;
					};
					8A8945B029F3DBEC00939078 = {
						CreatedOnToolsVersion = 14.1;
						TestTargetID = 8A89459A29F3DBEA00939078;
					};
					8A8945BA29F3DBEC00939078 = {
						CreatedOnToolsVersion = 14.1;
						TestTargetID = 8A89459A29F3DBEA00939078;
					};
				};
			};
			buildConfigurationList = 8A89459629F3DBEA00939078 /* Build configuration list for PBXProject "DemoTsc" */;
			compatibilityVersion = "Xcode 14.0";
			developmentRegion = en;
			hasScannedForEncodings = 0;
			knownRegions = (
				en,
				Base,
			);
			mainGroup = 8A89459229F3DBEA00939078;
			productRefGroup = 8A89459C29F3DBEA00939078 /* Products */;
			projectDirPath = "";
			projectRoot = "";
			targets = (
				8A89459A29F3DBEA00939078 /* DemoTsc */,
				8A8945B029F3DBEC00939078 /* DemoTscTests */,
				8A8945BA29F3DBEC00939078 /* DemoTscUITests */,
			);
		};
/* End PBXProject section */

/* Begin PBXResourcesBuildPhase section */
		8A89459929F3DBEA00939078 /* Resources */ = {
			isa = PBXResourcesBuildPhase;
			buildActionMask = 2147483647;
			files = (
				8A8945AB29F3DBEC00939078 /* LaunchScreen.storyboard in Resources */,
				8A8945A829F3DBEC00939078 /* Assets.xcassets in Resources */,
				8A8945A629F3DBEA00939078 /* Main.storyboard in Resources */,
			);
			runOnlyForDeploymentPostprocessing = 0;
		};
		8A8945AF29F3DBEC00939078 /* Resources */ = {
			isa = PBXResourcesBuildPhase;
			buildActionMask = 2147483647;
			files = (
			);
			runOnlyForDeploymentPostprocessing = 0;
		};
		8A8945B929F3DBEC00939078 /* Resources */ = {
			isa = PBXResourcesBuildPhase;
			buildActionMask = 2147483647;
			files = (
			);
			runOnlyForDeploymentPostprocessing = 0;
		};
/* End PBXResourcesBuildPhase section */

/* Begin PBXSourcesBuildPhase section */
		8A89459729F3DBEA00939078 /* Sources */ = {
			isa = PBXSourcesBuildPhase;
			buildActionMask = 2147483647;
			files = (
				8A8945A329F3DBEA00939078 /* ViewController.swift in Sources */,
				8A89459F29F3DBEA00939078 /* AppDelegate.swift in Sources */,
				8A8945A129F3DBEA00939078 /* SceneDelegate.swift in Sources */,
				8A8945E129F4253900939078 /* HeaderText.swift in Sources */,
				8A8945DD29F424D500939078 /* Avatar.swift in Sources */,
				8A8945DF29F4251800939078 /* SubheaderText.swift in Sources */,
				8A8945DB29F424AB00939078 /* Button.swift in Sources */,
				8A8945D729F41DDE00939078 /* UIView+Constraints.swift in Sources */,
				8A8945D329F4119700939078 /* ElevatedCard.swift in Sources */,
				8A8945D929F4246E00939078 /* CardWithList.swift in Sources */,
				8A8945D529F41DAC00939078 /* CellVeiw.swift in Sources */,
				8A8945E329F4258000939078 /* CardLarge.swift in Sources */,
			);
			runOnlyForDeploymentPostprocessing = 0;
		};
		8A8945AD29F3DBEC00939078 /* Sources */ = {
			isa = PBXSourcesBuildPhase;
			buildActionMask = 2147483647;
			files = (
				8A8945B629F3DBEC00939078 /* DemoTscTests.swift in Sources */,
			);
			runOnlyForDeploymentPostprocessing = 0;
		};
		8A8945B729F3DBEC00939078 /* Sources */ = {
			isa = PBXSourcesBuildPhase;
			buildActionMask = 2147483647;
			files = (
				8A8945C229F3DBEC00939078 /* DemoTscUITestsLaunchTests.swift in Sources */,
				8A8945C029F3DBEC00939078 /* DemoTscUITests.swift in Sources */,
			);
			runOnlyForDeploymentPostprocessing = 0;
		};
/* End PBXSourcesBuildPhase section */

/* Begin PBXTargetDependency section */
		8A8945B329F3DBEC00939078 /* PBXTargetDependency */ = {
			isa = PBXTargetDependency;
			target = 8A89459A29F3DBEA00939078 /* DemoTsc */;
			targetProxy = 8A8945B229F3DBEC00939078 /* PBXContainerItemProxy */;
		};
		8A8945BD29F3DBEC00939078 /* PBXTargetDependency */ = {
			isa = PBXTargetDependency;
			target = 8A89459A29F3DBEA00939078 /* DemoTsc */;
			targetProxy = 8A8945BC29F3DBEC00939078 /* PBXContainerItemProxy */;
		};
/* End PBXTargetDependency section */

/* Begin PBXVariantGroup section */
		8A8945A429F3DBEA00939078 /* Main.storyboard */ = {
			isa = PBXVariantGroup;
			children = (
				8A8945A529F3DBEA00939078 /* Base */,
			);
			name = Main.storyboard;
			sourceTree = "<group>";
		};
		8A8945A929F3DBEC00939078 /* LaunchScreen.storyboard */ = {
			isa = PBXVariantGroup;
			children = (
				8A8945AA29F3DBEC00939078 /* Base */,
			);
			name = LaunchScreen.storyboard;
			sourceTree = "<group>";
		};
/* End PBXVariantGroup section */

/* Begin XCBuildConfiguration section */
		8A8945C329F3DBEC00939078 /* Debug */ = {
			isa = XCBuildConfiguration;
			buildSettings = {
				ALWAYS_SEARCH_USER_PATHS = NO;
				CLANG_ANALYZER_NONNULL = YES;
				CLANG_ANALYZER_NUMBER_OBJECT_CONVERSION = YES_AGGRESSIVE;
				CLANG_CXX_LANGUAGE_STANDARD = "gnu++20";
				CLANG_ENABLE_MODULES = YES;
				CLANG_ENABLE_OBJC_ARC = YES;
				CLANG_ENABLE_OBJC_WEAK = YES;
				CLANG_WARN_BLOCK_CAPTURE_AUTORELEASING = YES;
				CLANG_WARN_BOOL_CONVERSION = YES;
				CLANG_WARN_COMMA = YES;
				CLANG_WARN_CONSTANT_CONVERSION = YES;
				CLANG_WARN_DEPRECATED_OBJC_IMPLEMENTATIONS = YES;
				CLANG_WARN_DIRECT_OBJC_ISA_USAGE = YES_ERROR;
				CLANG_WARN_DOCUMENTATION_COMMENTS = YES;
				CLANG_WARN_EMPTY_BODY = YES;
				CLANG_WARN_ENUM_CONVERSION = YES;
				CLANG_WARN_INFINITE_RECURSION = YES;
				CLANG_WARN_INT_CONVERSION = YES;
				CLANG_WARN_NON_LITERAL_NULL_CONVERSION = YES;
				CLANG_WARN_OBJC_IMPLICIT_RETAIN_SELF = YES;
				CLANG_WARN_OBJC_LITERAL_CONVERSION = YES;
				CLANG_WARN_OBJC_ROOT_CLASS = YES_ERROR;
				CLANG_WARN_QUOTED_INCLUDE_IN_FRAMEWORK_HEADER = YES;
				CLANG_WARN_RANGE_LOOP_ANALYSIS = YES;
				CLANG_WARN_STRICT_PROTOTYPES = YES;
				CLANG_WARN_SUSPICIOUS_MOVE = YES;
				CLANG_WARN_UNGUARDED_AVAILABILITY = YES_AGGRESSIVE;
				CLANG_WARN_UNREACHABLE_CODE = YES;
				CLANG_WARN__DUPLICATE_METHOD_MATCH = YES;
				COPY_PHASE_STRIP = NO;
				DEBUG_INFORMATION_FORMAT = dwarf;
				ENABLE_STRICT_OBJC_MSGSEND = YES;
				ENABLE_TESTABILITY = YES;
				GCC_C_LANGUAGE_STANDARD = gnu11;
				GCC_DYNAMIC_NO_PIC = NO;
				GCC_NO_COMMON_BLOCKS = YES;
				GCC_OPTIMIZATION_LEVEL = 0;
				GCC_PREPROCESSOR_DEFINITIONS = (
					"DEBUG=1",
					"$(inherited)",
				);
				GCC_WARN_64_TO_32_BIT_CONVERSION = YES;
				GCC_WARN_ABOUT_RETURN_TYPE = YES_ERROR;
				GCC_WARN_UNDECLARED_SELECTOR = YES;
				GCC_WARN_UNINITIALIZED_AUTOS = YES_AGGRESSIVE;
				GCC_WARN_UNUSED_FUNCTION = YES;
				GCC_WARN_UNUSED_VARIABLE = YES;
				IPHONEOS_DEPLOYMENT_TARGET = 16.1;
				MTL_ENABLE_DEBUG_INFO = INCLUDE_SOURCE;
				MTL_FAST_MATH = YES;
				ONLY_ACTIVE_ARCH = YES;
				SDKROOT = iphoneos;
				SWIFT_ACTIVE_COMPILATION_CONDITIONS = DEBUG;
				SWIFT_OPTIMIZATION_LEVEL = "-Onone";
			};
			name = Debug;
		};
		8A8945C429F3DBEC00939078 /* Release */ = {
			isa = XCBuildConfiguration;
			buildSettings = {
				ALWAYS_SEARCH_USER_PATHS = NO;
				CLANG_ANALYZER_NONNULL = YES;
				CLANG_ANALYZER_NUMBER_OBJECT_CONVERSION = YES_AGGRESSIVE;
				CLANG_CXX_LANGUAGE_STANDARD = "gnu++20";
				CLANG_ENABLE_MODULES = YES;
				CLANG_ENABLE_OBJC_ARC = YES;
				CLANG_ENABLE_OBJC_WEAK = YES;
				CLANG_WARN_BLOCK_CAPTURE_AUTORELEASING = YES;
				CLANG_WARN_BOOL_CONVERSION = YES;
				CLANG_WARN_COMMA = YES;
				CLANG_WARN_CONSTANT_CONVERSION = YES;
				CLANG_WARN_DEPRECATED_OBJC_IMPLEMENTATIONS = YES;
				CLANG_WARN_DIRECT_OBJC_ISA_USAGE = YES_ERROR;
				CLANG_WARN_DOCUMENTATION_COMMENTS = YES;
				CLANG_WARN_EMPTY_BODY = YES;
				CLANG_WARN_ENUM_CONVERSION = YES;
				CLANG_WARN_INFINITE_RECURSION = YES;
				CLANG_WARN_INT_CONVERSION = YES;
				CLANG_WARN_NON_LITERAL_NULL_CONVERSION = YES;
				CLANG_WARN_OBJC_IMPLICIT_RETAIN_SELF = YES;
				CLANG_WARN_OBJC_LITERAL_CONVERSION = YES;
				CLANG_WARN_OBJC_ROOT_CLASS = YES_ERROR;
				CLANG_WARN_QUOTED_INCLUDE_IN_FRAMEWORK_HEADER = YES;
				CLANG_WARN_RANGE_LOOP_ANALYSIS = YES;
				CLANG_WARN_STRICT_PROTOTYPES = YES;
				CLANG_WARN_SUSPICIOUS_MOVE = YES;
				CLANG_WARN_UNGUARDED_AVAILABILITY = YES_AGGRESSIVE;
				CLANG_WARN_UNREACHABLE_CODE = YES;
				CLANG_WARN__DUPLICATE_METHOD_MATCH = YES;
				COPY_PHASE_STRIP = NO;
				DEBUG_INFORMATION_FORMAT = "dwarf-with-dsym";
				ENABLE_NS_ASSERTIONS = NO;
				ENABLE_STRICT_OBJC_MSGSEND = YES;
				GCC_C_LANGUAGE_STANDARD = gnu11;
				GCC_NO_COMMON_BLOCKS = YES;
				GCC_WARN_64_TO_32_BIT_CONVERSION = YES;
				GCC_WARN_ABOUT_RETURN_TYPE = YES_ERROR;
				GCC_WARN_UNDECLARED_SELECTOR = YES;
				GCC_WARN_UNINITIALIZED_AUTOS = YES_AGGRESSIVE;
				GCC_WARN_UNUSED_FUNCTION = YES;
				GCC_WARN_UNUSED_VARIABLE = YES;
				IPHONEOS_DEPLOYMENT_TARGET = 16.1;
				MTL_ENABLE_DEBUG_INFO = NO;
				MTL_FAST_MATH = YES;
				SDKROOT = iphoneos;
				SWIFT_COMPILATION_MODE = wholemodule;
				SWIFT_OPTIMIZATION_LEVEL = "-O";
				VALIDATE_PRODUCT = YES;
			};
			name = Release;
		};
		8A8945C629F3DBEC00939078 /* Debug */ = {
			isa = XCBuildConfiguration;
			buildSettings = {
				ASSETCATALOG_COMPILER_APPICON_NAME = AppIcon;
				ASSETCATALOG_COMPILER_GLOBAL_ACCENT_COLOR_NAME = AccentColor;
				CODE_SIGN_STYLE = Automatic;
				CURRENT_PROJECT_VERSION = 1;
				DEVELOPMENT_TEAM = LM73HSTM7M;
				GENERATE_INFOPLIST_FILE = YES;
				INFOPLIST_FILE = DemoTsc/Info.plist;
				INFOPLIST_KEY_UIApplicationSupportsIndirectInputEvents = YES;
				INFOPLIST_KEY_UILaunchStoryboardName = LaunchScreen;
				INFOPLIST_KEY_UIMainStoryboardFile = Main;
				INFOPLIST_KEY_UISupportedInterfaceOrientations = "UIInterfaceOrientationLandscapeRight UIInterfaceOrientationPortrait";
				INFOPLIST_KEY_UISupportedInterfaceOrientations_iPad = "UIInterfaceOrientationLandscapeLeft UIInterfaceOrientationLandscapeRight UIInterfaceOrientationPortrait UIInterfaceOrientationPortraitUpsideDown";
				IPHONEOS_DEPLOYMENT_TARGET = 14.0;
				LD_RUNPATH_SEARCH_PATHS = (
					"$(inherited)",
					"@executable_path/Frameworks",
				);
				MARKETING_VERSION = 1.0;
				PRODUCT_BUNDLE_IDENTIFIER = ru.tinkoff.DemoTsc;
				PRODUCT_NAME = "$(TARGET_NAME)";
				SWIFT_EMIT_LOC_STRINGS = YES;
				SWIFT_VERSION = 5.0;
				TARGETED_DEVICE_FAMILY = "1,2";
			};
			name = Debug;
		};
		8A8945C729F3DBEC00939078 /* Release */ = {
			isa = XCBuildConfiguration;
			buildSettings = {
				ASSETCATALOG_COMPILER_APPICON_NAME = AppIcon;
				ASSETCATALOG_COMPILER_GLOBAL_ACCENT_COLOR_NAME = AccentColor;
				CODE_SIGN_STYLE = Automatic;
				CURRENT_PROJECT_VERSION = 1;
				DEVELOPMENT_TEAM = LM73HSTM7M;
				GENERATE_INFOPLIST_FILE = YES;
				INFOPLIST_FILE = DemoTsc/Info.plist;
				INFOPLIST_KEY_UIApplicationSupportsIndirectInputEvents = YES;
				INFOPLIST_KEY_UILaunchStoryboardName = LaunchScreen;
				INFOPLIST_KEY_UIMainStoryboardFile = Main;
				INFOPLIST_KEY_UISupportedInterfaceOrientations = "UIInterfaceOrientationLandscapeRight UIInterfaceOrientationPortrait";
				INFOPLIST_KEY_UISupportedInterfaceOrientations_iPad = "UIInterfaceOrientationLandscapeLeft UIInterfaceOrientationLandscapeRight UIInterfaceOrientationPortrait UIInterfaceOrientationPortraitUpsideDown";
				IPHONEOS_DEPLOYMENT_TARGET = 14.0;
				LD_RUNPATH_SEARCH_PATHS = (
					"$(inherited)",
					"@executable_path/Frameworks",
				);
				MARKETING_VERSION = 1.0;
				PRODUCT_BUNDLE_IDENTIFIER = ru.tinkoff.DemoTsc;
				PRODUCT_NAME = "$(TARGET_NAME)";
				SWIFT_EMIT_LOC_STRINGS = YES;
				SWIFT_VERSION = 5.0;
				TARGETED_DEVICE_FAMILY = "1,2";
			};
			name = Release;
		};
		8A8945C929F3DBEC00939078 /* Debug */ = {
			isa = XCBuildConfiguration;
			buildSettings = {
				ALWAYS_EMBED_SWIFT_STANDARD_LIBRARIES = YES;
				BUNDLE_LOADER = "$(TEST_HOST)";
				CODE_SIGN_STYLE = Automatic;
				CURRENT_PROJECT_VERSION = 1;
				DEVELOPMENT_TEAM = LM73HSTM7M;
				GENERATE_INFOPLIST_FILE = YES;
				IPHONEOS_DEPLOYMENT_TARGET = 16.1;
				MARKETING_VERSION = 1.0;
				PRODUCT_BUNDLE_IDENTIFIER = ru.tinkoff.DemoTscTests;
				PRODUCT_NAME = "$(TARGET_NAME)";
				SWIFT_EMIT_LOC_STRINGS = NO;
				SWIFT_VERSION = 5.0;
				TARGETED_DEVICE_FAMILY = "1,2";
				TEST_HOST = "$(BUILT_PRODUCTS_DIR)/DemoTsc.app/$(BUNDLE_EXECUTABLE_FOLDER_PATH)/DemoTsc";
			};
			name = Debug;
		};
		8A8945CA29F3DBEC00939078 /* Release */ = {
			isa = XCBuildConfiguration;
			buildSettings = {
				ALWAYS_EMBED_SWIFT_STANDARD_LIBRARIES = YES;
				BUNDLE_LOADER = "$(TEST_HOST)";
				CODE_SIGN_STYLE = Automatic;
				CURRENT_PROJECT_VERSION = 1;
				DEVELOPMENT_TEAM = LM73HSTM7M;
				GENERATE_INFOPLIST_FILE = YES;
				IPHONEOS_DEPLOYMENT_TARGET = 16.1;
				MARKETING_VERSION = 1.0;
				PRODUCT_BUNDLE_IDENTIFIER = ru.tinkoff.DemoTscTests;
				PRODUCT_NAME = "$(TARGET_NAME)";
				SWIFT_EMIT_LOC_STRINGS = NO;
				SWIFT_VERSION = 5.0;
				TARGETED_DEVICE_FAMILY = "1,2";
				TEST_HOST = "$(BUILT_PRODUCTS_DIR)/DemoTsc.app/$(BUNDLE_EXECUTABLE_FOLDER_PATH)/DemoTsc";
			};
			name = Release;
		};
		8A8945CC29F3DBEC00939078 /* Debug */ = {
			isa = XCBuildConfiguration;
			buildSettings = {
				ALWAYS_EMBED_SWIFT_STANDARD_LIBRARIES = YES;
				CODE_SIGN_STYLE = Automatic;
				CURRENT_PROJECT_VERSION = 1;
				DEVELOPMENT_TEAM = LM73HSTM7M;
				GENERATE_INFOPLIST_FILE = YES;
				MARKETING_VERSION = 1.0;
				PRODUCT_BUNDLE_IDENTIFIER = ru.tinkoff.DemoTscUITests;
				PRODUCT_NAME = "$(TARGET_NAME)";
				SWIFT_EMIT_LOC_STRINGS = NO;
				SWIFT_VERSION = 5.0;
				TARGETED_DEVICE_FAMILY = "1,2";
				TEST_TARGET_NAME = DemoTsc;
			};
			name = Debug;
		};
		8A8945CD29F3DBEC00939078 /* Release */ = {
			isa = XCBuildConfiguration;
			buildSettings = {
				ALWAYS_EMBED_SWIFT_STANDARD_LIBRARIES = YES;
				CODE_SIGN_STYLE = Automatic;
				CURRENT_PROJECT_VERSION = 1;
				DEVELOPMENT_TEAM = LM73HSTM7M;
				GENERATE_INFOPLIST_FILE = YES;
				MARKETING_VERSION = 1.0;
				PRODUCT_BUNDLE_IDENTIFIER = ru.tinkoff.DemoTscUITests;
				PRODUCT_NAME = "$(TARGET_NAME)";
				SWIFT_EMIT_LOC_STRINGS = NO;
				SWIFT_VERSION = 5.0;
				TARGETED_DEVICE_FAMILY = "1,2";
				TEST_TARGET_NAME = DemoTsc;
			};
			name = Release;
		};
/* End XCBuildConfiguration section */

/* Begin XCConfigurationList section */
		8A89459629F3DBEA00939078 /* Build configuration list for PBXProject "DemoTsc" */ = {
			isa = XCConfigurationList;
			buildConfigurations = (
				8A8945C329F3DBEC00939078 /* Debug */,
				8A8945C429F3DBEC00939078 /* Release */,
			);
			defaultConfigurationIsVisible = 0;
			defaultConfigurationName = Release;
		};
		8A8945C529F3DBEC00939078 /* Build configuration list for PBXNativeTarget "DemoTsc" */ = {
			isa = XCConfigurationList;
			buildConfigurations = (
				8A8945C629F3DBEC00939078 /* Debug */,
				8A8945C729F3DBEC00939078 /* Release */,
			);
			defaultConfigurationIsVisible = 0;
			defaultConfigurationName = Release;
		};
		8A8945C829F3DBEC00939078 /* Build configuration list for PBXNativeTarget "DemoTscTests" */ = {
			isa = XCConfigurationList;
			buildConfigurations = (
				8A8945C929F3DBEC00939078 /* Debug */,
				8A8945CA29F3DBEC00939078 /* Release */,
			);
			defaultConfigurationIsVisible = 0;
			defaultConfigurationName = Release;
		};
		8A8945CB29F3DBEC00939078 /* Build configuration list for PBXNativeTarget "DemoTscUITests" */ = {
			isa = XCConfigurationList;
			buildConfigurations = (
				8A8945CC29F3DBEC00939078 /* Debug */,
				8A8945CD29F3DBEC00939078 /* Release */,
			);
			defaultConfigurationIsVisible = 0;
			defaultConfigurationName = Release;
		};
/* End XCConfigurationList section */
	};
	rootObject = 8A89459329F3DBEA00939078 /* Project object */;
}
